
Microsoft Visual Studio Solution File, Format Version 12.00
# Visual Studio Version 17
VisualStudioVersion = 17.5.33516.290
MinimumVisualStudioVersion = 10.0.40219.1
Project("{9A19103F-16F7-4668-BE54-9A1E7A4F7556}") = "CryptoHelpers.API", "CryptoHelpers.API\CryptoHelpers.API.csproj", "{64267D81-6714-4875-9D26-BCF01F0ED45D}"
EndProject
Project("{9A19103F-16F7-4668-BE54-9A1E7A4F7556}") = "CryptoCollector.API", "CryptoCollector.API\CryptoCollector.API.csproj", "{5F421814-3099-4291-A0BB-06B88C3E5A41}"
EndProject
Project("{2150E333-8FDC-42A3-9474-1A3956D46DE8}") = "Core", "Core", "{FF31A2D3-E72D-4CD5-AF64-D641CA273650}"
EndProject
Project("{FAE04EC0-301F-11D3-BF4B-00C04F79EFBC}") = "Data", "Data\Data.csproj", "{BD81403D-9F7F-4CD5-9CFA-1109064C20DE}"
EndProject
Project("{FAE04EC0-301F-11D3-BF4B-00C04F79EFBC}") = "ApplicationService", "ApplicationService\ApplicationService.csproj", "{AF01557F-5659-4EDB-B1FA-07FE7118F18A}"
EndProject
Global
	GlobalSection(SolutionConfigurationPlatforms) = preSolution
		Debug|Any CPU = Debug|Any CPU
		Release|Any CPU = Release|Any CPU
	EndGlobalSection
	GlobalSection(ProjectConfigurationPlatforms) = postSolution
		{64267D81-6714-4875-9D26-BCF01F0ED45D}.Debug|Any CPU.ActiveCfg = Debug|Any CPU
		{64267D81-6714-4875-9D26-BCF01F0ED45D}.Debug|Any CPU.Build.0 = Debug|Any CPU
		{64267D81-6714-4875-9D26-BCF01F0ED45D}.Release|Any CPU.ActiveCfg = Release|Any CPU
		{64267D81-6714-4875-9D26-BCF01F0ED45D}.Release|Any CPU.Build.0 = Release|Any CPU
		{5F421814-3099-4291-A0BB-06B88C3E5A41}.Debug|Any CPU.ActiveCfg = Debug|Any CPU
		{5F421814-3099-4291-A0BB-06B88C3E5A41}.Debug|Any CPU.Build.0 = Debug|Any CPU
		{5F421814-3099-4291-A0BB-06B88C3E5A41}.Release|Any CPU.ActiveCfg = Release|Any CPU
		{5F421814-3099-4291-A0BB-06B88C3E5A41}.Release|Any CPU.Build.0 = Release|Any CPU
		{BD81403D-9F7F-4CD5-9CFA-1109064C20DE}.Debug|Any CPU.ActiveCfg = Debug|Any CPU
		{BD81403D-9F7F-4CD5-9CFA-1109064C20DE}.Debug|Any CPU.Build.0 = Debug|Any CPU
		{BD81403D-9F7F-4CD5-9CFA-1109064C20DE}.Release|Any CPU.ActiveCfg = Release|Any CPU
		{BD81403D-9F7F-4CD5-9CFA-1109064C20DE}.Release|Any CPU.Build.0 = Release|Any CPU
		{AF01557F-5659-4EDB-B1FA-07FE7118F18A}.Debug|Any CPU.ActiveCfg = Debug|Any CPU
		{AF01557F-5659-4EDB-B1FA-07FE7118F18A}.Debug|Any CPU.Build.0 = Debug|Any CPU
		{AF01557F-5659-4EDB-B1FA-07FE7118F18A}.Release|Any CPU.ActiveCfg = Release|Any CPU
		{AF01557F-5659-4EDB-B1FA-07FE7118F18A}.Release|Any CPU.Build.0 = Release|Any CPU
	EndGlobalSection
	GlobalSection(SolutionProperties) = preSolution
		HideSolutionNode = FALSE
	EndGlobalSection
	GlobalSection(NestedProjects) = preSolution
		{64267D81-6714-4875-9D26-BCF01F0ED45D} = {FF31A2D3-E72D-4CD5-AF64-D641CA273650}
		{5F421814-3099-4291-A0BB-06B88C3E5A41} = {FF31A2D3-E72D-4CD5-AF64-D641CA273650}
		{BD81403D-9F7F-4CD5-9CFA-1109064C20DE} = {FF31A2D3-E72D-4CD5-AF64-D641CA273650}
		{AF01557F-5659-4EDB-B1FA-07FE7118F18A} = {FF31A2D3-E72D-4CD5-AF64-D641CA273650}
	EndGlobalSection
	GlobalSection(ExtensibilityGlobals) = postSolution
		SolutionGuid = {C6D080DA-943A-4AFD-A78B-56EF53A64CBE}
	EndGlobalSection
EndGlobal
